symfony v2.0.25
twig v1.10.3
monolog 1.2.1
doctrine-common 2.1.4
doctrine-dbal 2.1.7
doctrine 2.1.7
swiftmailer v4.2.2
assetic v1.0.4
twig-extensions v1.0.0
metadata 1.0.0
SensioFrameworkExtraBundle v2.0.22
JMSSecurityExtraBundle e752f888c51425f71382c056961f10f2be642102
SensioDistributionBundle v2.0.22
SensioGeneratorBundle v2.0.22
AsseticBundle 6f15728c1aefa5246caa83730e3dbf70b0d46052
PropelBundle 2820ebcbf374ca494d56411e96d8abb3abc0791f
phing 35d70165a912c80c22af8c0892be1cf6b20d7c62
propel 3f7a284906ce3e402bcb101938270842fdad71fa
Pagerfanta 63729ff5edd69072f0e34dc88d205975e2dd5164
WhiteOctoberPagerfantaBundle f99600fcc27e2d6aff2f253902ae6c8cdd5bed42
snappy 4e55d129d8bc5b92cb7049325929bb6cecada229
KnpSnappyBundle f32454f8505dffae3414a771494da5d694177d41
