symfony v2.0.15
twig v1.8.2
monolog 1.0.2
doctrine-common 2.1.4
doctrine-dbal 2.1.7
doctrine 2.1.7
swiftmailer v4.1.7
assetic v1.0.3
twig-extensions 5c2d515d4624bdd588226d688173cf0399a4d8cf
metadata 1.0.0
SensioFrameworkExtraBundle v2.0.22
JMSSecurityExtraBundle e752f888c51425f71382c056961f10f2be642102
SensioDistributionBundle v2.0.22
SensioGeneratorBundle v2.0.22
AsseticBundle v1.0.1
PropelBundle 2820ebcbf374ca494d56411e96d8abb3abc0791f
phing e9c9b3e1466f21b8731f1c84cab742fbff4e8a94
propel a511f3cb4f68011f4b4627a54245bb700a97bb86
Pagerfanta 12f71d99457b018fb80746f84514dd5b495c5789
WhiteOctoberPagerfantaBundle 40209ef994fa2f342660d96bf6bea3f88171cd2d
snappy 39c64d910d25823b82ac426eb12a6275a66a75d0
KnpSnappyBundle cabfd9b6ade11094002d3d873bdf260ec3ded3c7
